
Microsoft Visual Studio Solution File, Format Version 12.00
# Visual Studio Version 17
VisualStudioVersion = 17.11.35327.3
MinimumVisualStudioVersion = 10.0.40219.1
Project("{FAE04EC0-301F-11D3-BF4B-00C04F79EFBC}") = "Gestion de articulos", "Gestion de articulos\Gestion de articulos.csproj", "{16436415-1ABA-4611-AB9A-65146AA6671D}"
EndProject
Project("{FAE04EC0-301F-11D3-BF4B-00C04F79EFBC}") = "Modelos", "Modelos\Modelos.csproj", "{B681827E-37F6-48AD-9CEC-AFCB0FBBF80B}"
EndProject
Project("{FAE04EC0-301F-11D3-BF4B-00C04F79EFBC}") = "Base de datos", "Base de datos\Base de datos.csproj", "{E43673BD-2CEC-44B5-8633-03E3558F2AED}"
EndProject
Project("{FAE04EC0-301F-11D3-BF4B-00C04F79EFBC}") = "Helper", "Helper\Helper.csproj", "{C6EF2DA1-0F0D-403E-8D6F-B4A27282BFD4}"
EndProject
Global
	GlobalSection(SolutionConfigurationPlatforms) = preSolution
		Debug|Any CPU = Debug|Any CPU
		Release|Any CPU = Release|Any CPU
	EndGlobalSection
	GlobalSection(ProjectConfigurationPlatforms) = postSolution
		{16436415-1ABA-4611-AB9A-65146AA6671D}.Debug|Any CPU.ActiveCfg = Debug|Any CPU
		{16436415-1ABA-4611-AB9A-65146AA6671D}.Debug|Any CPU.Build.0 = Debug|Any CPU
		{16436415-1ABA-4611-AB9A-65146AA6671D}.Release|Any CPU.ActiveCfg = Release|Any CPU
		{16436415-1ABA-4611-AB9A-65146AA6671D}.Release|Any CPU.Build.0 = Release|Any CPU
		{B681827E-37F6-48AD-9CEC-AFCB0FBBF80B}.Debug|Any CPU.ActiveCfg = Debug|Any CPU
		{B681827E-37F6-48AD-9CEC-AFCB0FBBF80B}.Debug|Any CPU.Build.0 = Debug|Any CPU
		{B681827E-37F6-48AD-9CEC-AFCB0FBBF80B}.Release|Any CPU.ActiveCfg = Release|Any CPU
		{B681827E-37F6-48AD-9CEC-AFCB0FBBF80B}.Release|Any CPU.Build.0 = Release|Any CPU
		{E43673BD-2CEC-44B5-8633-03E3558F2AED}.Debug|Any CPU.ActiveCfg = Debug|Any CPU
		{E43673BD-2CEC-44B5-8633-03E3558F2AED}.Debug|Any CPU.Build.0 = Debug|Any CPU
		{E43673BD-2CEC-44B5-8633-03E3558F2AED}.Release|Any CPU.ActiveCfg = Release|Any CPU
		{E43673BD-2CEC-44B5-8633-03E3558F2AED}.Release|Any CPU.Build.0 = Release|Any CPU
		{C6EF2DA1-0F0D-403E-8D6F-B4A27282BFD4}.Debug|Any CPU.ActiveCfg = Debug|Any CPU
		{C6EF2DA1-0F0D-403E-8D6F-B4A27282BFD4}.Debug|Any CPU.Build.0 = Debug|Any CPU
		{C6EF2DA1-0F0D-403E-8D6F-B4A27282BFD4}.Release|Any CPU.ActiveCfg = Release|Any CPU
		{C6EF2DA1-0F0D-403E-8D6F-B4A27282BFD4}.Release|Any CPU.Build.0 = Release|Any CPU
	EndGlobalSection
	GlobalSection(SolutionProperties) = preSolution
		HideSolutionNode = FALSE
	EndGlobalSection
	GlobalSection(ExtensibilityGlobals) = postSolution
		SolutionGuid = {A410EFAB-BABB-4349-BCB5-B9F25599C2A6}
	EndGlobalSection
EndGlobal
